
Microsoft Visual Studio Solution File, Format Version 12.00
# Visual Studio Version 17
VisualStudioVersion = 17.1.32407.343
MinimumVisualStudioVersion = 10.0.40219.1
Project("{9A19103F-16F7-4668-BE54-9A1E7A4F7556}") = "WinFormsApp1", "WinFormsApp1\WinFormsApp1.csproj", "{9C8F06B2-5484-4ABD-A6A9-92B67152B86C}"
EndProject
Project("{54435603-DBB4-11D2-8724-00A0C9A8B90C}") = "Instalador App Restaurante", "Instalador\Instalador App Restaurante\Instalador App Restaurante.vdproj", "{C600011A-41AA-46B2-92D6-4CD67C989A3D}"
EndProject
Global
	GlobalSection(SolutionConfigurationPlatforms) = preSolution
		Debug|Any CPU = Debug|Any CPU
		Release|Any CPU = Release|Any CPU
	EndGlobalSection
	GlobalSection(ProjectConfigurationPlatforms) = postSolution
		{9C8F06B2-5484-4ABD-A6A9-92B67152B86C}.Debug|Any CPU.ActiveCfg = Debug|Any CPU
		{9C8F06B2-5484-4ABD-A6A9-92B67152B86C}.Debug|Any CPU.Build.0 = Debug|Any CPU
		{9C8F06B2-5484-4ABD-A6A9-92B67152B86C}.Release|Any CPU.ActiveCfg = Release|Any CPU
		{9C8F06B2-5484-4ABD-A6A9-92B67152B86C}.Release|Any CPU.Build.0 = Release|Any CPU
		{C600011A-41AA-46B2-92D6-4CD67C989A3D}.Debug|Any CPU.ActiveCfg = Debug
		{C600011A-41AA-46B2-92D6-4CD67C989A3D}.Debug|Any CPU.Build.0 = Debug
		{C600011A-41AA-46B2-92D6-4CD67C989A3D}.Release|Any CPU.ActiveCfg = Release
	EndGlobalSection
	GlobalSection(SolutionProperties) = preSolution
		HideSolutionNode = FALSE
	EndGlobalSection
	GlobalSection(ExtensibilityGlobals) = postSolution
		SolutionGuid = {80B4A41A-EC44-458B-A434-D6AB55047C9C}
	EndGlobalSection
EndGlobal
